PODS:
  - Capacitor (8.5.2):
    - CapacitorCordova
  - CapacitorCordova (8.5.2)
  - CapacitorFilesystem (8.1.3):
    - Capacitor
    - IONFilesystemLib (~> 1.1.1)
  - CapacitorShare (8.0.2):
    - Capacitor
  - IONFilesystemLib (1.1.2)
  - UnisimSdk (0.163.0):
    - Capacitor

DEPENDENCIES:
  - "Capacitor (from `../../node_modules/@capacitor/ios`)"
  - "CapacitorCordova (from `../../node_modules/@capacitor/ios`)"
  - "CapacitorFilesystem (from `../../node_modules/@capacitor/filesystem`)"
  - "CapacitorShare (from `../../node_modules/@capacitor/share`)"
  - "UnisimSdk (from `../../node_modules/@unisim/sdk`)"

SPEC REPOS:
  trunk:
    - IONFilesystemLib

EXTERNAL SOURCES:
  Capacitor:
    :path: "../../node_modules/@capacitor/ios"
  CapacitorCordova:
    :path: "../../node_modules/@capacitor/ios"
  CapacitorFilesystem:
    :path: "../../node_modules/@capacitor/filesystem"
  CapacitorShare:
    :path: "../../node_modules/@capacitor/share"
  UnisimSdk:
    :path: "../../node_modules/@unisim/sdk"

SPEC CHECKSUMS:
  Capacitor: 89067779e14fb7ea56af07b4817f45d1f0c2a269
  CapacitorCordova: 5bec5648cbd09a176ce34ce5e7b6cdabb2c8a327
  CapacitorFilesystem: b2bbd84bb91c177906c9dbc252864cb71ab9957b
  CapacitorShare: 2fde721d06a6f83ff5c7578e6a91b190d341ac6a
  IONFilesystemLib: 21a63377696b2d8fab5632ecfb7d2ac67bddb68a
  UnisimSdk: 674a6950776b97a6cd6bc3b5b30c92f457b21f49

PODFILE CHECKSUM: 3e442d835f737950aabc16e129ae1fed9d56a4f4

COCOAPODS: 1.16.2
